
Microsoft Visual Studio Solution File, Format Version 12.00
# Visual Studio Version 17
VisualStudioVersion = 17.0.32112.339
MinimumVisualStudioVersion = 10.0.40219.1
Project("{FAE04EC0-301F-11D3-BF4B-00C04F79EFBC}") = "Get A Snack At 4 AM", "Get A Snack At 4 AM\Get A Snack At 4 AM.csproj", "{3E84FE72-740C-4721-A382-7DDDBF59CD49}"
EndProject
Global
	GlobalSection(SolutionConfigurationPlatforms) = preSolution
		Debug|Any CPU = Debug|Any CPU
		Release|Any CPU = Release|Any CPU
	EndGlobalSection
	GlobalSection(ProjectConfigurationPlatforms) = postSolution
		{3E84FE72-740C-4721-A382-7DDDBF59CD49}.Debug|Any CPU.ActiveCfg = Debug|Any CPU
		{3E84FE72-740C-4721-A382-7DDDBF59CD49}.Debug|Any CPU.Build.0 = Debug|Any CPU
		{3E84FE72-740C-4721-A382-7DDDBF59CD49}.Release|Any CPU.ActiveCfg = Release|Any CPU
		{3E84FE72-740C-4721-A382-7DDDBF59CD49}.Release|Any CPU.Build.0 = Release|Any CPU
	EndGlobalSection
	GlobalSection(SolutionProperties) = preSolution
		HideSolutionNode = FALSE
	EndGlobalSection
	GlobalSection(ExtensibilityGlobals) = postSolution
		SolutionGuid = {AAB249D1-12A4-434B-9758-F5B3248D6866}
	EndGlobalSection
EndGlobal
